// !$*UTF8*$!
{
	archiveVersion = 1;
	classes = {
	};
	objectVersion = 50;
	objects = {

/* Begin PBXBuildFile section */
		5B6FEBC62453B23A00EFEA1D /* IntroViewController.swift in Sources */ = {isa = PBXBuildFile; fileRef = 5B6FEBC52453B23A00EFEA1D /* IntroViewController.swift */; };
		5B6FEBC82453D5A400EFEA1D /* MathEqnsModel.swift in Sources */ = {isa = PBXBuildFile; fileRef = 5B6FEBC72453D5A400EFEA1D /* MathEqnsModel.swift */; };
		5B6FEBCA2453D5C000EFEA1D /* ProblemSolveViewController.swift in Sources */ = {isa = PBXBuildFile; fileRef = 5B6FEBC92453D5C000EFEA1D /* ProblemSolveViewController.swift */; };
		5BBF19D92452E07800567856 /* AppDelegate.swift in Sources */ = {isa = PBXBuildFile; fileRef = 5BBF19D82452E07800567856 /* AppDelegate.swift */; };
		5BBF19DB2452E07800567856 /* SceneDelegate.swift in Sources */ = {isa = PBXBuildFile; fileRef = 5BBF19DA2452E07800567856 /* SceneDelegate.swift */; };
		5BBF19E02452E07800567856 /* Main.storyboard in Resources */ = {isa = PBXBuildFile; fileRef = 5BBF19DE2452E07800567856 /* Main.storyboard */; };
		5BBF19E32452E07800567856 /* AddSubtractPT_InternApp.xcdatamodeld in Sources */ = {isa = PBXBuildFile; fileRef = 5BBF19E12452E07800567856 /* AddSubtractPT_InternApp.xcdatamodeld */; };
		5BBF19E52452E07A00567856 /* Assets.xcassets in Resources */ = {isa = PBXBuildFile; fileRef = 5BBF19E42452E07A00567856 /* Assets.xcassets */; };
		5BBF19E82452E07A00567856 /* LaunchScreen.storyboard in Resources */ = {isa = PBXBuildFile; fileRef = 5BBF19E62452E07A00567856 /* LaunchScreen.storyboard */; };
		5BBF19F32452E07A00567856 /* AddSubtractPT_InternAppTests.swift in Sources */ = {isa = PBXBuildFile; fileRef = 5BBF19F22452E07A00567856 /* AddSubtractPT_InternAppTests.swift */; };
		5BBF19FE2452E07A00567856 /* AddSubtractPT_InternAppUITests.swift in Sources */ = {isa = PBXBuildFile; fileRef = 5BBF19FD2452E07A00567856 /* AddSubtractPT_InternAppUITests.swift */; };
/* End PBXBuildFile section */

/* Begin PBXContainerItemProxy section */
		5BBF19EF2452E07A00567856 /* PBXContainerItemProxy */ = {
			isa = PBXContainerItemProxy;
			containerPortal = 5BBF19CD2452E07800567856 /* Project object */;
			proxyType = 1;
			remoteGlobalIDString = 5BBF19D42452E07800567856;
			remoteInfo = "AddSubtractPT-InternApp";
		};
		5BBF19FA2452E07A00567856 /* PBXContainerItemProxy */ = {
			isa = PBXContainerItemProxy;
			containerPortal = 5BBF19CD2452E07800567856 /* Project object */;
			proxyType = 1;
			remoteGlobalIDString = 5BBF19D42452E07800567856;
			remoteInfo = "AddSubtractPT-InternApp";
		};
/* End PBXContainerItemProxy section */

/* Begin PBXFileReference section */
		5B6FEBC52453B23A00EFEA1D /* IntroViewController.swift */ = {isa = PBXFileReference; lastKnownFileType = sourcecode.swift; path = IntroViewController.swift; sourceTree = "<group>"; };
		5B6FEBC72453D5A400EFEA1D /* MathEqnsModel.swift */ = {isa = PBXFileReference; lastKnownFileType = sourcecode.swift; path = MathEqnsModel.swift; sourceTree = "<group>"; };
		5B6FEBC92453D5C000EFEA1D /* ProblemSolveViewController.swift */ = {isa = PBXFileReference; lastKnownFileType = sourcecode.swift; path = ProblemSolveViewController.swift; sourceTree = "<group>"; };
		5BBF19D52452E07800567856 /* AddSubtractPT-InternApp.app */ = {isa = PBXFileReference; explicitFileType = wrapper.application; includeInIndex = 0; path = "AddSubtractPT-InternApp.app"; sourceTree = BUILT_PRODUCTS_DIR; };
		5BBF19D82452E07800567856 /* AppDelegate.swift */ = {isa = PBXFileReference; lastKnownFileType = sourcecode.swift; path = AppDelegate.swift; sourceTree = "<group>"; };
		5BBF19DA2452E07800567856 /* SceneDelegate.swift */ = {isa = PBXFileReference; lastKnownFileType = sourcecode.swift; path = SceneDelegate.swift; sourceTree = "<group>"; };
		5BBF19DF2452E07800567856 /* Base */ = {isa = PBXFileReference; lastKnownFileType = file.storyboard; name = Base; path = Base.lproj/Main.storyboard; sourceTree = "<group>"; };
		5BBF19E22452E07800567856 /* AddSubtractPT_InternApp.xcdatamodel */ = {isa = PBXFileReference; lastKnownFileType = wrapper.xcdatamodel; path = AddSubtractPT_InternApp.xcdatamodel; sourceTree = "<group>"; };
		5BBF19E42452E07A00567856 /* Assets.xcassets */ = {isa = PBXFileReference; lastKnownFileType = folder.assetcatalog; path = Assets.xcassets; sourceTree = "<group>"; };
		5BBF19E72452E07A00567856 /* Base */ = {isa = PBXFileReference; lastKnownFileType = file.storyboard; name = Base; path = Base.lproj/LaunchScreen.storyboard; sourceTree = "<group>"; };
		5BBF19E92452E07A00567856 /* Info.plist */ = {isa = PBXFileReference; lastKnownFileType = text.plist.xml; path = Info.plist; sourceTree = "<group>"; };
		5BBF19EE2452E07A00567856 /* AddSubtractPT-InternAppTests.xctest */ = {isa = PBXFileReference; explicitFileType = wrapper.cfbundle; includeInIndex = 0; path = "AddSubtractPT-InternAppTests.xctest"; sourceTree = BUILT_PRODUCTS_DIR; };
		5BBF19F22452E07A00567856 /* AddSubtractPT_InternAppTests.swift */ = {isa = PBXFileReference; lastKnownFileType = sourcecode.swift; path = AddSubtractPT_InternAppTests.swift; sourceTree = "<group>"; };
		5BBF19F42452E07A00567856 /* Info.plist */ = {isa = PBXFileReference; lastKnownFileType = text.plist.xml; path = Info.plist; sourceTree = "<group>"; };
		5BBF19F92452E07A00567856 /* AddSubtractPT-InternAppUITests.xctest */ = {isa = PBXFileReference; explicitFileType = wrapper.cfbundle; includeInIndex = 0; path = "AddSubtractPT-InternAppUITests.xctest"; sourceTree = BUILT_PRODUCTS_DIR; };
		5BBF19FD2452E07A00567856 /* AddSubtractPT_InternAppUITests.swift */ = {isa = PBXFileReference; lastKnownFileType = sourcecode.swift; path = AddSubtractPT_InternAppUITests.swift; sourceTree = "<group>"; };
		5BBF19FF2452E07A00567856 /* Info.plist */ = {isa = PBXFileReference; lastKnownFileType = text.plist.xml; path = Info.plist; sourceTree = "<group>"; };
/* End PBXFileReference section */

/* Begin PBXFrameworksBuildPhase section */
		5BBF19D22452E07800567856 /* Frameworks */ = {
			isa = PBXFrameworksBuildPhase;
			buildActionMask = 2147483647;
			files = (
			);
			runOnlyForDeploymentPostprocessing = 0;
		};
		5BBF19EB2452E07A00567856 /* Frameworks */ = {
			isa = PBXFrameworksBuildPhase;
			buildActionMask = 2147483647;
			files = (
			);
			runOnlyForDeploymentPostprocessing = 0;
		};
		5BBF19F62452E07A00567856 /* Frameworks */ = {
			isa = PBXFrameworksBuildPhase;
			buildActionMask = 2147483647;
			files = (
			);
			runOnlyForDeploymentPostprocessing = 0;
		};
/* End PBXFrameworksBuildPhase section */

/* Begin PBXGroup section */
		5B989DA42454DC8800C06052 /* ViewControllers */ = {
			isa = PBXGroup;
			children = (
				5B6FEBC52453B23A00EFEA1D /* IntroViewController.swift */,
				5B6FEBC92453D5C000EFEA1D /* ProblemSolveViewController.swift */,
			);
			path = ViewControllers;
			sourceTree = "<group>";
		};
		5B989DA52454DC9300C06052 /* Models */ = {
			isa = PBXGroup;
			children = (
				5B6FEBC72453D5A400EFEA1D /* MathEqnsModel.swift */,
			);
			path = Models;
			sourceTree = "<group>";
		};
		5BBF19CC2452E07800567856 = {
			isa = PBXGroup;
			children = (
				5BBF19D72452E07800567856 /* AddSubtractPT-InternApp */,
				5BBF19F12452E07A00567856 /* AddSubtractPT-InternAppTests */,
				5BBF19FC2452E07A00567856 /* AddSubtractPT-InternAppUITests */,
				5BBF19D62452E07800567856 /* Products */,
			);
			sourceTree = "<group>";
		};
		5BBF19D62452E07800567856 /* Products */ = {
			isa = PBXGroup;
			children = (
				5BBF19D52452E07800567856 /* AddSubtractPT-InternApp.app */,
				5BBF19EE2452E07A00567856 /* AddSubtractPT-InternAppTests.xctest */,
				5BBF19F92452E07A00567856 /* AddSubtractPT-InternAppUITests.xctest */,
			);
			name = Products;
			sourceTree = "<group>";
		};
		5BBF19D72452E07800567856 /* AddSubtractPT-InternApp */ = {
			isa = PBXGroup;
			children = (
				5B989DA52454DC9300C06052 /* Models */,
				5B989DA42454DC8800C06052 /* ViewControllers */,
				5BBF19DE2452E07800567856 /* Main.storyboard */,
				5BBF19D82452E07800567856 /* AppDelegate.swift */,
				5BBF19DA2452E07800567856 /* SceneDelegate.swift */,
				5BBF19E42452E07A00567856 /* Assets.xcassets */,
				5BBF19E62452E07A00567856 /* LaunchScreen.storyboard */,
				5BBF19E92452E07A00567856 /* Info.plist */,
				5BBF19E12452E07800567856 /* AddSubtractPT_InternApp.xcdatamodeld */,
			);
			path = "AddSubtractPT-InternApp";
			sourceTree = "<group>";
		};
		5BBF19F12452E07A00567856 /* AddSubtractPT-InternAppTests */ = {
			isa = PBXGroup;
			children = (
				5BBF19F22452E07A00567856 /* AddSubtractPT_InternAppTests.swift */,
				5BBF19F42452E07A00567856 /* Info.plist */,
			);
			path = "AddSubtractPT-InternAppTests";
			sourceTree = "<group>";
		};
		5BBF19FC2452E07A00567856 /* AddSubtractPT-InternAppUITests */ = {
			isa = PBXGroup;
			children = (
				5BBF19FD2452E07A00567856 /* AddSubtractPT_InternAppUITests.swift */,
				5BBF19FF2452E07A00567856 /* Info.plist */,
			);
			path = "AddSubtractPT-InternAppUITests";
			sourceTree = "<group>";
		};
/* End PBXGroup section */

/* Begin PBXNativeTarget section */
		5BBF19D42452E07800567856 /* AddSubtractPT-InternApp */ = {
			isa = PBXNativeTarget;
			buildConfigurationList = 5BBF1A022452E07A00567856 /* Build configuration list for PBXNativeTarget "AddSubtractPT-InternApp" */;
			buildPhases = (
				5BBF19D12452E07800567856 /* Sources */,
				5BBF19D22452E07800567856 /* Frameworks */,
				5BBF19D32452E07800567856 /* Resources */,
			);
			buildRules = (
			);
			dependencies = (
			);
			name = "AddSubtractPT-InternApp";
			productName = "AddSubtractPT-InternApp";
			productReference = 5BBF19D52452E07800567856 /* AddSubtractPT-InternApp.app */;
			productType = "com.apple.product-type.application";
		};
		5BBF19ED2452E07A00567856 /* AddSubtractPT-InternAppTests */ = {
			isa = PBXNativeTarget;
			buildConfigurationList = 5BBF1A052452E07A00567856 /* Build configuration list for PBXNativeTarget "AddSubtractPT-InternAppTests" */;
			buildPhases = (
				5BBF19EA2452E07A00567856 /* Sources */,
				5BBF19EB2452E07A00567856 /* Frameworks */,
				5BBF19EC2452E07A00567856 /* Resources */,
			);
			buildRules = (
			);
			dependencies = (
				5BBF19F02452E07A00567856 /* PBXTargetDependency */,
			);
			name = "AddSubtractPT-InternAppTests";
			productName = "AddSubtractPT-InternAppTests";
			productReference = 5BBF19EE2452E07A00567856 /* AddSubtractPT-InternAppTests.xctest */;
			productType = "com.apple.product-type.bundle.unit-test";
		};
		5BBF19F82452E07A00567856 /* AddSubtractPT-InternAppUITests */ = {
			isa = PBXNativeTarget;
			buildConfigurationList = 5BBF1A082452E07A00567856 /* Build configuration list for PBXNativeTarget "AddSubtractPT-InternAppUITests" */;
			buildPhases = (
				5BBF19F52452E07A00567856 /* Sources */,
				5BBF19F62452E07A00567856 /* Frameworks */,
				5BBF19F72452E07A00567856 /* Resources */,
			);
			buildRules = (
			);
			dependencies = (
				5BBF19FB2452E07A00567856 /* PBXTargetDependency */,
			);
			name = "AddSubtractPT-InternAppUITests";
			productName = "AddSubtractPT-InternAppUITests";
			productReference = 5BBF19F92452E07A00567856 /* AddSubtractPT-InternAppUITests.xctest */;
			productType = "com.apple.product-type.bundle.ui-testing";
		};
/* End PBXNativeTarget section */

/* Begin PBXProject section */
		5BBF19CD2452E07800567856 /* Project object */ = {
			isa = PBXProject;
			attributes = {
				LastSwiftUpdateCheck = 1130;
				LastUpgradeCheck = 1130;
				ORGANIZATIONNAME = "Davy Chuon";
				TargetAttributes = {
					5BBF19D42452E07800567856 = {
						CreatedOnToolsVersion = 11.3.1;
					};
					5BBF19ED2452E07A00567856 = {
						CreatedOnToolsVersion = 11.3.1;
						TestTargetID = 5BBF19D42452E07800567856;
					};
					5BBF19F82452E07A00567856 = {
						CreatedOnToolsVersion = 11.3.1;
						TestTargetID = 5BBF19D42452E07800567856;
					};
				};
			};
			buildConfigurationList = 5BBF19D02452E07800567856 /* Build configuration list for PBXProject "AddSubtractPT-InternApp" */;
			compatibilityVersion = "Xcode 9.3";
			developmentRegion = en;
			hasScannedForEncodings = 0;
			knownRegions = (
				en,
				Base,
			);
			mainGroup = 5BBF19CC2452E07800567856;
			productRefGroup = 5BBF19D62452E07800567856 /* Products */;
			projectDirPath = "";
			projectRoot = "";
			targets = (
				5BBF19D42452E07800567856 /* AddSubtractPT-InternApp */,
				5BBF19ED2452E07A00567856 /* AddSubtractPT-InternAppTests */,
				5BBF19F82452E07A00567856 /* AddSubtractPT-InternAppUITests */,
			);
		};
/* End PBXProject section */

/* Begin PBXResourcesBuildPhase section */
		5BBF19D32452E07800567856 /* Resources */ = {
			isa = PBXResourcesBuildPhase;
			buildActionMask = 2147483647;
			files = (
				5BBF19E82452E07A00567856 /* LaunchScreen.storyboard in Resources */,
				5BBF19E52452E07A00567856 /* Assets.xcassets in Resources */,
				5BBF19E02452E07800567856 /* Main.storyboard in Resources */,
			);
			runOnlyForDeploymentPostprocessing = 0;
		};
		5BBF19EC2452E07A00567856 /* Resources */ = {
			isa = PBXResourcesBuildPhase;
			buildActionMask = 2147483647;
			files = (
			);
			runOnlyForDeploymentPostprocessing = 0;
		};
		5BBF19F72452E07A00567856 /* Resources */ = {
			isa = PBXResourcesBuildPhase;
			buildActionMask = 2147483647;
			files = (
			);
			runOnlyForDeploymentPostprocessing = 0;
		};
/* End PBXResourcesBuildPhase section */

/* Begin PBXSourcesBuildPhase section */
		5BBF19D12452E07800567856 /* Sources */ = {
			isa = PBXSourcesBuildPhase;
			buildActionMask = 2147483647;
			files = (
				5B6FEBCA2453D5C000EFEA1D /* ProblemSolveViewController.swift in Sources */,
				5BBF19E32452E07800567856 /* AddSubtractPT_InternApp.xcdatamodeld in Sources */,
				5B6FEBC62453B23A00EFEA1D /* IntroViewController.swift in Sources */,
				5BBF19D92452E07800567856 /* AppDelegate.swift in Sources */,
				5B6FEBC82453D5A400EFEA1D /* MathEqnsModel.swift in Sources */,
				5BBF19DB2452E07800567856 /* SceneDelegate.swift in Sources */,
			);
			runOnlyForDeploymentPostprocessing = 0;
		};
		5BBF19EA2452E07A00567856 /* Sources */ = {
			isa = PBXSourcesBuildPhase;
			buildActionMask = 2147483647;
			files = (
				5BBF19F32452E07A00567856 /* AddSubtractPT_InternAppTests.swift in Sources */,
			);
			runOnlyForDeploymentPostprocessing = 0;
		};
		5BBF19F52452E07A00567856 /* Sources */ = {
			isa = PBXSourcesBuildPhase;
			buildActionMask = 2147483647;
			files = (
				5BBF19FE2452E07A00567856 /* AddSubtractPT_InternAppUITests.swift in Sources */,
			);
			runOnlyForDeploymentPostprocessing = 0;
		};
/* End PBXSourcesBuildPhase section */

/* Begin PBXTargetDependency section */
		5BBF19F02452E07A00567856 /* PBXTargetDependency */ = {
			isa = PBXTargetDependency;
			target = 5BBF19D42452E07800567856 /* AddSubtractPT-InternApp */;
			targetProxy = 5BBF19EF2452E07A00567856 /* PBXContainerItemProxy */;
		};
		5BBF19FB2452E07A00567856 /* PBXTargetDependency */ = {
			isa = PBXTargetDependency;
			target = 5BBF19D42452E07800567856 /* AddSubtractPT-InternApp */;
			targetProxy = 5BBF19FA2452E07A00567856 /* PBXContainerItemProxy */;
		};
/* End PBXTargetDependency section */

/* Begin PBXVariantGroup section */
		5BBF19DE2452E07800567856 /* Main.storyboard */ = {
			isa = PBXVariantGroup;
			children = (
				5BBF19DF2452E07800567856 /* Base */,
			);
			name = Main.storyboard;
			sourceTree = "<group>";
		};
		5BBF19E62452E07A00567856 /* LaunchScreen.storyboard */ = {
			isa = PBXVariantGroup;
			children = (
				5BBF19E72452E07A00567856 /* Base */,
			);
			name = LaunchScreen.storyboard;
			sourceTree = "<group>";
		};
/* End PBXVariantGroup section */

/* Begin XCBuildConfiguration section */
		5BBF1A002452E07A00567856 /* Debug */ = {
			isa = XCBuildConfiguration;
			buildSettings = {
				ALWAYS_SEARCH_USER_PATHS = NO;
				CLANG_ANALYZER_NONNULL = YES;
				CLANG_ANALYZER_NUMBER_OBJECT_CONVERSION = YES_AGGRESSIVE;
				CLANG_CXX_LANGUAGE_STANDARD = "gnu++14";
				CLANG_CXX_LIBRARY = "libc++";
				CLANG_ENABLE_MODULES = YES;
				CLANG_ENABLE_OBJC_ARC = YES;
				CLANG_ENABLE_OBJC_WEAK = YES;
				CLANG_WARN_BLOCK_CAPTURE_AUTORELEASING = YES;
				CLANG_WARN_BOOL_CONVERSION = YES;
				CLANG_WARN_COMMA = YES;
				CLANG_WARN_CONSTANT_CONVERSION = YES;
				CLANG_WARN_DEPRECATED_OBJC_IMPLEMENTATIONS = YES;
				CLANG_WARN_DIRECT_OBJC_ISA_USAGE = YES_ERROR;
				CLANG_WARN_DOCUMENTATION_COMMENTS = YES;
				CLANG_WARN_EMPTY_BODY = YES;
				CLANG_WARN_ENUM_CONVERSION = YES;
				CLANG_WARN_INFINITE_RECURSION = YES;
				CLANG_WARN_INT_CONVERSION = YES;
				CLANG_WARN_NON_LITERAL_NULL_CONVERSION = YES;
				CLANG_WARN_OBJC_IMPLICIT_RETAIN_SELF = YES;
				CLANG_WARN_OBJC_LITERAL_CONVERSION = YES;
				CLANG_WARN_OBJC_ROOT_CLASS = YES_ERROR;
				CLANG_WARN_RANGE_LOOP_ANALYSIS = YES;
				CLANG_WARN_STRICT_PROTOTYPES = YES;
				CLANG_WARN_SUSPICIOUS_MOVE = YES;
				CLANG_WARN_UNGUARDED_AVAILABILITY = YES_AGGRESSIVE;
				CLANG_WARN_UNREACHABLE_CODE = YES;
				CLANG_WARN__DUPLICATE_METHOD_MATCH = YES;
				COPY_PHASE_STRIP = NO;
				DEBUG_INFORMATION_FORMAT = dwarf;
				ENABLE_STRICT_OBJC_MSGSEND = YES;
				ENABLE_TESTABILITY = YES;
				GCC_C_LANGUAGE_STANDARD = gnu11;
				GCC_DYNAMIC_NO_PIC = NO;
				GCC_NO_COMMON_BLOCKS = YES;
				GCC_OPTIMIZATION_LEVEL = 0;
				GCC_PREPROCESSOR_DEFINITIONS = (
					"DEBUG=1",
					"$(inherited)",
				);
				GCC_WARN_64_TO_32_BIT_CONVERSION = YES;
				GCC_WARN_ABOUT_RETURN_TYPE = YES_ERROR;
				GCC_WARN_UNDECLARED_SELECTOR = YES;
				GCC_WARN_UNINITIALIZED_AUTOS = YES_AGGRESSIVE;
				GCC_WARN_UNUSED_FUNCTION = YES;
				GCC_WARN_UNUSED_VARIABLE = YES;
				IPHONEOS_DEPLOYMENT_TARGET = 13.2;
				MTL_ENABLE_DEBUG_INFO = INCLUDE_SOURCE;
				MTL_FAST_MATH = YES;
				ONLY_ACTIVE_ARCH = YES;
				SDKROOT = iphoneos;
				SWIFT_ACTIVE_COMPILATION_CONDITIONS = DEBUG;
				SWIFT_OPTIMIZATION_LEVEL = "-Onone";
			};
			name = Debug;
		};
		5BBF1A012452E07A00567856 /* Release */ = {
			isa = XCBuildConfiguration;
			buildSettings = {
				ALWAYS_SEARCH_USER_PATHS = NO;
				CLANG_ANALYZER_NONNULL = YES;
				CLANG_ANALYZER_NUMBER_OBJECT_CONVERSION = YES_AGGRESSIVE;
				CLANG_CXX_LANGUAGE_STANDARD = "gnu++14";
				CLANG_CXX_LIBRARY = "libc++";
				CLANG_ENABLE_MODULES = YES;
				CLANG_ENABLE_OBJC_ARC = YES;
				CLANG_ENABLE_OBJC_WEAK = YES;
				CLANG_WARN_BLOCK_CAPTURE_AUTORELEASING = YES;
				CLANG_WARN_BOOL_CONVERSION = YES;
				CLANG_WARN_COMMA = YES;
				CLANG_WARN_CONSTANT_CONVERSION = YES;
				CLANG_WARN_DEPRECATED_OBJC_IMPLEMENTATIONS = YES;
				CLANG_WARN_DIRECT_OBJC_ISA_USAGE = YES_ERROR;
				CLANG_WARN_DOCUMENTATION_COMMENTS = YES;
				CLANG_WARN_EMPTY_BODY = YES;
				CLANG_WARN_ENUM_CONVERSION = YES;
				CLANG_WARN_INFINITE_RECURSION = YES;
				CLANG_WARN_INT_CONVERSION = YES;
				CLANG_WARN_NON_LITERAL_NULL_CONVERSION = YES;
				CLANG_WARN_OBJC_IMPLICIT_RETAIN_SELF = YES;
				CLANG_WARN_OBJC_LITERAL_CONVERSION = YES;
				CLANG_WARN_OBJC_ROOT_CLASS = YES_ERROR;
				CLANG_WARN_RANGE_LOOP_ANALYSIS = YES;
				CLANG_WARN_STRICT_PROTOTYPES = YES;
				CLANG_WARN_SUSPICIOUS_MOVE = YES;
				CLANG_WARN_UNGUARDED_AVAILABILITY = YES_AGGRESSIVE;
				CLANG_WARN_UNREACHABLE_CODE = YES;
				CLANG_WARN__DUPLICATE_METHOD_MATCH = YES;
				COPY_PHASE_STRIP = NO;
				DEBUG_INFORMATION_FORMAT = "dwarf-with-dsym";
				ENABLE_NS_ASSERTIONS = NO;
				ENABLE_STRICT_OBJC_MSGSEND = YES;
				GCC_C_LANGUAGE_STANDARD = gnu11;
				GCC_NO_COMMON_BLOCKS = YES;
				GCC_WARN_64_TO_32_BIT_CONVERSION = YES;
				GCC_WARN_ABOUT_RETURN_TYPE = YES_ERROR;
				GCC_WARN_UNDECLARED_SELECTOR = YES;
				GCC_WARN_UNINITIALIZED_AUTOS = YES_AGGRESSIVE;
				GCC_WARN_UNUSED_FUNCTION = YES;
				GCC_WARN_UNUSED_VARIABLE = YES;
				IPHONEOS_DEPLOYMENT_TARGET = 13.2;
				MTL_ENABLE_DEBUG_INFO = NO;
				MTL_FAST_MATH = YES;
				SDKROOT = iphoneos;
				SWIFT_COMPILATION_MODE = wholemodule;
				SWIFT_OPTIMIZATION_LEVEL = "-O";
				VALIDATE_PRODUCT = YES;
			};
			name = Release;
		};
		5BBF1A032452E07A00567856 /* Debug */ = {
			isa = XCBuildConfiguration;
			buildSettings = {
				ASSETCATALOG_COMPILER_APPICON_NAME = AppIcon;
				CODE_SIGN_STYLE = Automatic;
				DEVELOPMENT_TEAM = 2J43M5H25R;
				INFOPLIST_FILE = "AddSubtractPT-InternApp/Info.plist";
				LD_RUNPATH_SEARCH_PATHS = (
					"$(inherited)",
					"@executable_path/Frameworks",
				);
				PRODUCT_BUNDLE_IDENTIFIER = com.DavyChuon;
				PRODUCT_NAME = "$(TARGET_NAME)";
				SWIFT_VERSION = 5.0;
				TARGETED_DEVICE_FAMILY = "1,2";
			};
			name = Debug;
		};
		5BBF1A042452E07A00567856 /* Release */ = {
			isa = XCBuildConfiguration;
			buildSettings = {
				ASSETCATALOG_COMPILER_APPICON_NAME = AppIcon;
				CODE_SIGN_STYLE = Automatic;
				DEVELOPMENT_TEAM = 2J43M5H25R;
				INFOPLIST_FILE = "AddSubtractPT-InternApp/Info.plist";
				LD_RUNPATH_SEARCH_PATHS = (
					"$(inherited)",
					"@executable_path/Frameworks",
				);
				PRODUCT_BUNDLE_IDENTIFIER = com.DavyChuon;
				PRODUCT_NAME = "$(TARGET_NAME)";
				SWIFT_VERSION = 5.0;
				TARGETED_DEVICE_FAMILY = "1,2";
			};
			name = Release;
		};
		5BBF1A062452E07A00567856 /* Debug */ = {
			isa = XCBuildConfiguration;
			buildSettings = {
				ALWAYS_EMBED_SWIFT_STANDARD_LIBRARIES = YES;
				BUNDLE_LOADER = "$(TEST_HOST)";
				CODE_SIGN_STYLE = Automatic;
				DEVELOPMENT_TEAM = 2J43M5H25R;
				INFOPLIST_FILE = "AddSubtractPT-InternAppTests/Info.plist";
				IPHONEOS_DEPLOYMENT_TARGET = 13.2;
				LD_RUNPATH_SEARCH_PATHS = (
					"$(inherited)",
					"@executable_path/Frameworks",
					"@loader_path/Frameworks",
				);
				PRODUCT_BUNDLE_IDENTIFIER = "com.DavyChuon.AddSubtractPT-InternAppTests";
				PRODUCT_NAME = "$(TARGET_NAME)";
				SWIFT_VERSION = 5.0;
				TARGETED_DEVICE_FAMILY = "1,2";
				TEST_HOST = "$(BUILT_PRODUCTS_DIR)/AddSubtractPT-InternApp.app/AddSubtractPT-InternApp";
			};
			name = Debug;
		};
		5BBF1A072452E07A00567856 /* Release */ = {
			isa = XCBuildConfiguration;
			buildSettings = {
				ALWAYS_EMBED_SWIFT_STANDARD_LIBRARIES = YES;
				BUNDLE_LOADER = "$(TEST_HOST)";
				CODE_SIGN_STYLE = Automatic;
				DEVELOPMENT_TEAM = 2J43M5H25R;
				INFOPLIST_FILE = "AddSubtractPT-InternAppTests/Info.plist";
				IPHONEOS_DEPLOYMENT_TARGET = 13.2;
				LD_RUNPATH_SEARCH_PATHS = (
					"$(inherited)",
					"@executable_path/Frameworks",
					"@loader_path/Frameworks",
				);
				PRODUCT_BUNDLE_IDENTIFIER = "com.DavyChuon.AddSubtractPT-InternAppTests";
				PRODUCT_NAME = "$(TARGET_NAME)";
				SWIFT_VERSION = 5.0;
				TARGETED_DEVICE_FAMILY = "1,2";
				TEST_HOST = "$(BUILT_PRODUCTS_DIR)/AddSubtractPT-InternApp.app/AddSubtractPT-InternApp";
			};
			name = Release;
		};
		5BBF1A092452E07A00567856 /* Debug */ = {
			isa = XCBuildConfiguration;
			buildSettings = {
				ALWAYS_EMBED_SWIFT_STANDARD_LIBRARIES = YES;
				CODE_SIGN_STYLE = Automatic;
				DEVELOPMENT_TEAM = 2J43M5H25R;
				INFOPLIST_FILE = "AddSubtractPT-InternAppUITests/Info.plist";
				LD_RUNPATH_SEARCH_PATHS = (
					"$(inherited)",
					"@executable_path/Frameworks",
					"@loader_path/Frameworks",
				);
				PRODUCT_BUNDLE_IDENTIFIER = "com.DavyChuon.AddSubtractPT-InternAppUITests";
				PRODUCT_NAME = "$(TARGET_NAME)";
				SWIFT_VERSION = 5.0;
				TARGETED_DEVICE_FAMILY = "1,2";
				TEST_TARGET_NAME = "AddSubtractPT-InternApp";
			};
			name = Debug;
		};
		5BBF1A0A2452E07A00567856 /* Release */ = {
			isa = XCBuildConfiguration;
			buildSettings = {
				ALWAYS_EMBED_SWIFT_STANDARD_LIBRARIES = YES;
				CODE_SIGN_STYLE = Automatic;
				DEVELOPMENT_TEAM = 2J43M5H25R;
				INFOPLIST_FILE = "AddSubtractPT-InternAppUITests/Info.plist";
				LD_RUNPATH_SEARCH_PATHS = (
					"$(inherited)",
					"@executable_path/Frameworks",
					"@loader_path/Frameworks",
				);
				PRODUCT_BUNDLE_IDENTIFIER = "com.DavyChuon.AddSubtractPT-InternAppUITests";
				PRODUCT_NAME = "$(TARGET_NAME)";
				SWIFT_VERSION = 5.0;
				TARGETED_DEVICE_FAMILY = "1,2";
				TEST_TARGET_NAME = "AddSubtractPT-InternApp";
			};
			name = Release;
		};
/* End XCBuildConfiguration section */

/* Begin XCConfigurationList section */
		5BBF19D02452E07800567856 /* Build configuration list for PBXProject "AddSubtractPT-InternApp" */ = {
			isa = XCConfigurationList;
			buildConfigurations = (
				5BBF1A002452E07A00567856 /* Debug */,
				5BBF1A012452E07A00567856 /* Release */,
			);
			defaultConfigurationIsVisible = 0;
			defaultConfigurationName = Release;
		};
		5BBF1A022452E07A00567856 /* Build configuration list for PBXNativeTarget "AddSubtractPT-InternApp" */ = {
			isa = XCConfigurationList;
			buildConfigurations = (
				5BBF1A032452E07A00567856 /* Debug */,
				5BBF1A042452E07A00567856 /* Release */,
			);
			defaultConfigurationIsVisible = 0;
			defaultConfigurationName = Release;
		};
		5BBF1A052452E07A00567856 /* Build configuration list for PBXNativeTarget "AddSubtractPT-InternAppTests" */ = {
			isa = XCConfigurationList;
			buildConfigurations = (
				5BBF1A062452E07A00567856 /* Debug */,
				5BBF1A072452E07A00567856 /* Release */,
			);
			defaultConfigurationIsVisible = 0;
			defaultConfigurationName = Release;
		};
		5BBF1A082452E07A00567856 /* Build configuration list for PBXNativeTarget "AddSubtractPT-InternAppUITests" */ = {
			isa = XCConfigurationList;
			buildConfigurations = (
				5BBF1A092452E07A00567856 /* Debug */,
				5BBF1A0A2452E07A00567856 /* Release */,
			);
			defaultConfigurationIsVisible = 0;
			defaultConfigurationName = Release;
		};
/* End XCConfigurationList section */

/* Begin XCVersionGroup section */
		5BBF19E12452E07800567856 /* AddSubtractPT_InternApp.xcdatamodeld */ = {
			isa = XCVersionGroup;
			children = (
				5BBF19E22452E07800567856 /* AddSubtractPT_InternApp.xcdatamodel */,
			);
			currentVersion = 5BBF19E22452E07800567856 /* AddSubtractPT_InternApp.xcdatamodel */;
			path = AddSubtractPT_InternApp.xcdatamodeld;
			sourceTree = "<group>";
			versionGroupType = wrapper.xcdatamodel;
		};
/* End XCVersionGroup section */
	};
	rootObject = 5BBF19CD2452E07800567856 /* Project object */;
}
